
Microsoft Visual Studio Solution File, Format Version 12.00
# Visual Studio Version 16
Project("{2150E333-8FDC-42A3-9474-1A3956D46DE8}") = "CMakePredefinedTargets", "CMakePredefinedTargets", "{71BFDE8A-2E95-3B64-AF7B-0559B1379D3A}"
EndProject
Project("{8BC9CEB8-8B4A-11D0-8D11-00A0C91BC942}") = "ALL_BUILD", "ALL_BUILD.vcxproj", "{D6FBDB95-BE83-3030-BF1E-28EB5FBF534A}"
	ProjectSection(ProjectDependencies) = postProject
		{B1DB5288-4BCF-3BE8-A5C1-F33A8D0FA589} = {B1DB5288-4BCF-3BE8-A5C1-F33A8D0FA589}
		{D1F3B653-F151-3984-A1F7-9BA6723E737B} = {D1F3B653-F151-3984-A1F7-9BA6723E737B}
		{EB78584A-9A68-3EBE-ADE8-E12FCDF399C0} = {EB78584A-9A68-3EBE-ADE8-E12FCDF399C0}
		{F09831EE-030C-35F6-9B59-C8E811B70D6E} = {F09831EE-030C-35F6-9B59-C8E811B70D6E}
		{702633A5-C3CE-3687-BBCB-B91B95CFF106} = {702633A5-C3CE-3687-BBCB-B91B95CFF106}
		{91F46716-8B81-3070-A69A-E20804337382} = {91F46716-8B81-3070-A69A-E20804337382}
		{A364D042-8C95-3104-A58C-2FED709C0503} = {A364D042-8C95-3104-A58C-2FED709C0503}
		{377E2402-2A61-31ED-A3AC-0A3D3040D0AB} = {377E2402-2A61-31ED-A3AC-0A3D3040D0AB}
		{DE7DAD02-899B-3C09-8AD0-ADB130304E87} = {DE7DAD02-899B-3C09-8AD0-ADB130304E87}
		{107EF8EA-177C-3B65-AA76-02F71FE3479A} = {107EF8EA-177C-3B65-AA76-02F71FE3479A}
		{77107C28-938E-3F37-AC15-9E2C6AFD3A43} = {77107C28-938E-3F37-AC15-9E2C6AFD3A43}
		{C09F3FF2-A58C-34CB-AF39-8F21CF6BFAE3} = {C09F3FF2-A58C-34CB-AF39-8F21CF6BFAE3}
		{55E083E0-D319-3A5E-94ED-812B35360875} = {55E083E0-D319-3A5E-94ED-812B35360875}
		{59C49117-9828-304E-817D-1DE66DF15B6D} = {59C49117-9828-304E-817D-1DE66DF15B6D}
		{9D075DDC-C743-34C4-B8F5-2DA89C62E3EF} = {9D075DDC-C743-34C4-B8F5-2DA89C62E3EF}
		{A4D379DE-453A-3627-A129-CAB3ECB77207} = {A4D379DE-453A-3627-A129-CAB3ECB77207}
		{A38B341F-51D1-3983-9D5B-8D52D2A6FAE1} = {A38B341F-51D1-3983-9D5B-8D52D2A6FAE1}
		{251DBEDE-1D11-31FC-9149-AF049BCEF5F4} = {251DBEDE-1D11-31FC-9149-AF049BCEF5F4}
		{03AA5327-B30F-3876-A453-2D4B030EB504} = {03AA5327-B30F-3876-A453-2D4B030EB504}
		{24D8D351-92C9-3EB9-9BBC-F9780BAED119} = {24D8D351-92C9-3EB9-9BBC-F9780BAED119}
		{7752A0A6-3E4D-3C76-951A-7A19BADF67EB} = {7752A0A6-3E4D-3C76-951A-7A19BADF67EB}
		{F44F42E6-D6E7-33DB-83B5-0A7FF5EA187F} = {F44F42E6-D6E7-33DB-83B5-0A7FF5EA187F}
		{E7B8592E-07FE-35FE-825F-842454E2B394} = {E7B8592E-07FE-35FE-825F-842454E2B394}
		{58EBAC50-06B6-34CC-98C6-1F9ABACC3CBC} = {58EBAC50-06B6-34CC-98C6-1F9ABACC3CBC}
		{CD78EB0B-935F-3B46-8F66-7BA987BFD89C} = {CD78EB0B-935F-3B46-8F66-7BA987BFD89C}
		{F0A53A7C-9D23-3FBE-B8C3-85A55100C605} = {F0A53A7C-9D23-3FBE-B8C3-85A55100C605}
		{F8C4FD76-DE11-35A3-9977-EAB6085239E8} = {F8C4FD76-DE11-35A3-9977-EAB6085239E8}
		{C05E3C4A-941F-380B-84CC-83252FA2F97D} = {C05E3C4A-941F-380B-84CC-83252FA2F97D}
		{B55F7B7A-7589-3287-9106-4781BDBDEF35} = {B55F7B7A-7589-3287-9106-4781BDBDEF35}
		{306ADE8E-208B-347A-9C24-05F484769D04} = {306ADE8E-208B-347A-9C24-05F484769D04}
		{E091C984-4E6C-3C24-A9C0-ED958EE6609E} = {E091C984-4E6C-3C24-A9C0-ED958EE6609E}
		{68F1FA79-4276-3DEF-A362-917D97564919} = {68F1FA79-4276-3DEF-A362-917D97564919}
		{A61A65A5-B207-38A7-A8F3-D39DA5EDFF36} = {A61A65A5-B207-38A7-A8F3-D39DA5EDFF36}
		{156F883B-FB6A-3F89-8F81-04C4950BE207} = {156F883B-FB6A-3F89-8F81-04C4950BE207}
		{B4C8300E-7D82-3626-8650-F85A35816EF4} = {B4C8300E-7D82-3626-8650-F85A35816EF4}
		{95DCF5DE-082F-33EF-BCCC-208329BA35A6} = {95DCF5DE-082F-33EF-BCCC-208329BA35A6}
		{A78E38D4-3261-33AD-BD22-318538AFD409} = {A78E38D4-3261-33AD-BD22-318538AFD409}
		{D01306E1-C66A-33BF-A873-86B127B7DE99} = {D01306E1-C66A-33BF-A873-86B127B7DE99}
		{3A15C2E6-D3D2-3756-8CEF-8AE1DE9BC8D1} = {3A15C2E6-D3D2-3756-8CEF-8AE1DE9BC8D1}
		{AFCA5701-4DBE-3508-8FE7-36B86A0CD5F6} = {AFCA5701-4DBE-3508-8FE7-36B86A0CD5F6}
		{B6E656F3-E335-3F1D-82AC-FD83F2FCACAD} = {B6E656F3-E335-3F1D-82AC-FD83F2FCACAD}
		{AA41955A-E18C-3D9C-A32D-1B05C3F72C76} = {AA41955A-E18C-3D9C-A32D-1B05C3F72C76}
		{883292D1-9A19-3541-ABBF-B2F4203A62AF} = {883292D1-9A19-3541-ABBF-B2F4203A62AF}
		{7800623E-15CD-363B-8F30-E772A069524E} = {7800623E-15CD-363B-8F30-E772A069524E}
		{502B1653-51AA-329A-B04E-48034F9AF0CC} = {502B1653-51AA-329A-B04E-48034F9AF0CC}
		{1D635DA0-CAC8-303D-84FF-359548FACEC2} = {1D635DA0-CAC8-303D-84FF-359548FACEC2}
		{F49DDAF6-6E8F-3E18-BD23-31A674FDE544} = {F49DDAF6-6E8F-3E18-BD23-31A674FDE544}
		{DF56765C-3CC2-382A-9957-7E347A67EC2F} = {DF56765C-3CC2-382A-9957-7E347A67EC2F}
	EndProjectSection
EndProject
Project("{8BC9CEB8-8B4A-11D0-8D11-00A0C91BC942}") = "RUN_TESTS", "RUN_TESTS.vcxproj", "{D7B3A2D6-3BD2-3512-8C81-6ED803C5CCD2}"
	ProjectSection(ProjectDependencies) = postProject
		{B1DB5288-4BCF-3BE8-A5C1-F33A8D0FA589} = {B1DB5288-4BCF-3BE8-A5C1-F33A8D0FA589}
	EndProjectSection
EndProject
Project("{8BC9CEB8-8B4A-11D0-8D11-00A0C91BC942}") = "ZERO_CHECK", "ZERO_CHECK.vcxproj", "{B1DB5288-4BCF-3BE8-A5C1-F33A8D0FA589}"
	ProjectSection(ProjectDependencies) = postProject
	EndProjectSection
EndProject
Project("{8BC9CEB8-8B4A-11D0-8D11-00A0C91BC942}") = "aarch64-softmmu", "aarch64-softmmu.vcxproj", "{D1F3B653-F151-3984-A1F7-9BA6723E737B}"
	ProjectSection(ProjectDependencies) = postProject
		{B1DB5288-4BCF-3BE8-A5C1-F33A8D0FA589} = {B1DB5288-4BCF-3BE8-A5C1-F33A8D0FA589}
		{1D635DA0-CAC8-303D-84FF-359548FACEC2} = {1D635DA0-CAC8-303D-84FF-359548FACEC2}
	EndProjectSection
EndProject
Project("{8BC9CEB8-8B4A-11D0-8D11-00A0C91BC942}") = "arm-softmmu", "arm-softmmu.vcxproj", "{EB78584A-9A68-3EBE-ADE8-E12FCDF399C0}"
	ProjectSection(ProjectDependencies) = postProject
		{B1DB5288-4BCF-3BE8-A5C1-F33A8D0FA589} = {B1DB5288-4BCF-3BE8-A5C1-F33A8D0FA589}
		{1D635DA0-CAC8-303D-84FF-359548FACEC2} = {1D635DA0-CAC8-303D-84FF-359548FACEC2}
	EndProjectSection
EndProject
Project("{8BC9CEB8-8B4A-11D0-8D11-00A0C91BC942}") = "bundling_target", "bundling_target.vcxproj", "{F09831EE-030C-35F6-9B59-C8E811B70D6E}"
	ProjectSection(ProjectDependencies) = postProject
		{B1DB5288-4BCF-3BE8-A5C1-F33A8D0FA589} = {B1DB5288-4BCF-3BE8-A5C1-F33A8D0FA589}
		{D1F3B653-F151-3984-A1F7-9BA6723E737B} = {D1F3B653-F151-3984-A1F7-9BA6723E737B}
		{EB78584A-9A68-3EBE-ADE8-E12FCDF399C0} = {EB78584A-9A68-3EBE-ADE8-E12FCDF399C0}
		{702633A5-C3CE-3687-BBCB-B91B95CFF106} = {702633A5-C3CE-3687-BBCB-B91B95CFF106}
		{A364D042-8C95-3104-A58C-2FED709C0503} = {A364D042-8C95-3104-A58C-2FED709C0503}
		{377E2402-2A61-31ED-A3AC-0A3D3040D0AB} = {377E2402-2A61-31ED-A3AC-0A3D3040D0AB}
		{DE7DAD02-899B-3C09-8AD0-ADB130304E87} = {DE7DAD02-899B-3C09-8AD0-ADB130304E87}
		{107EF8EA-177C-3B65-AA76-02F71FE3479A} = {107EF8EA-177C-3B65-AA76-02F71FE3479A}
		{77107C28-938E-3F37-AC15-9E2C6AFD3A43} = {77107C28-938E-3F37-AC15-9E2C6AFD3A43}
		{C09F3FF2-A58C-34CB-AF39-8F21CF6BFAE3} = {C09F3FF2-A58C-34CB-AF39-8F21CF6BFAE3}
		{55E083E0-D319-3A5E-94ED-812B35360875} = {55E083E0-D319-3A5E-94ED-812B35360875}
		{59C49117-9828-304E-817D-1DE66DF15B6D} = {59C49117-9828-304E-817D-1DE66DF15B6D}
		{9D075DDC-C743-34C4-B8F5-2DA89C62E3EF} = {9D075DDC-C743-34C4-B8F5-2DA89C62E3EF}
		{306ADE8E-208B-347A-9C24-05F484769D04} = {306ADE8E-208B-347A-9C24-05F484769D04}
		{E091C984-4E6C-3C24-A9C0-ED958EE6609E} = {E091C984-4E6C-3C24-A9C0-ED958EE6609E}
		{7800623E-15CD-363B-8F30-E772A069524E} = {7800623E-15CD-363B-8F30-E772A069524E}
		{1D635DA0-CAC8-303D-84FF-359548FACEC2} = {1D635DA0-CAC8-303D-84FF-359548FACEC2}
		{F49DDAF6-6E8F-3E18-BD23-31A674FDE544} = {F49DDAF6-6E8F-3E18-BD23-31A674FDE544}
		{DF56765C-3CC2-382A-9957-7E347A67EC2F} = {DF56765C-3CC2-382A-9957-7E347A67EC2F}
	EndProjectSection
EndProject
Project("{8BC9CEB8-8B4A-11D0-8D11-00A0C91BC942}") = "m68k-softmmu", "m68k-softmmu.vcxproj", "{702633A5-C3CE-3687-BBCB-B91B95CFF106}"
	ProjectSection(ProjectDependencies) = postProject
		{B1DB5288-4BCF-3BE8-A5C1-F33A8D0FA589} = {B1DB5288-4BCF-3BE8-A5C1-F33A8D0FA589}
		{1D635DA0-CAC8-303D-84FF-359548FACEC2} = {1D635DA0-CAC8-303D-84FF-359548FACEC2}
	EndProjectSection
EndProject
Project("{8BC9CEB8-8B4A-11D0-8D11-00A0C91BC942}") = "mem_apis", "mem_apis.vcxproj", "{91F46716-8B81-3070-A69A-E20804337382}"
	ProjectSection(ProjectDependencies) = postProject
		{B1DB5288-4BCF-3BE8-A5C1-F33A8D0FA589} = {B1DB5288-4BCF-3BE8-A5C1-F33A8D0FA589}
		{502B1653-51AA-329A-B04E-48034F9AF0CC} = {502B1653-51AA-329A-B04E-48034F9AF0CC}
	EndProjectSection
EndProject
Project("{8BC9CEB8-8B4A-11D0-8D11-00A0C91BC942}") = "mips-softmmu", "mips-softmmu.vcxproj", "{A364D042-8C95-3104-A58C-2FED709C0503}"
	ProjectSection(ProjectDependencies) = postProject
		{B1DB5288-4BCF-3BE8-A5C1-F33A8D0FA589} = {B1DB5288-4BCF-3BE8-A5C1-F33A8D0FA589}
		{1D635DA0-CAC8-303D-84FF-359548FACEC2} = {1D635DA0-CAC8-303D-84FF-359548FACEC2}
	EndProjectSection
EndProject
Project("{8BC9CEB8-8B4A-11D0-8D11-00A0C91BC942}") = "mips64-softmmu", "mips64-softmmu.vcxproj", "{377E2402-2A61-31ED-A3AC-0A3D3040D0AB}"
	ProjectSection(ProjectDependencies) = postProject
		{B1DB5288-4BCF-3BE8-A5C1-F33A8D0FA589} = {B1DB5288-4BCF-3BE8-A5C1-F33A8D0FA589}
		{1D635DA0-CAC8-303D-84FF-359548FACEC2} = {1D635DA0-CAC8-303D-84FF-359548FACEC2}
	EndProjectSection
EndProject
Project("{8BC9CEB8-8B4A-11D0-8D11-00A0C91BC942}") = "mips64el-softmmu", "mips64el-softmmu.vcxproj", "{DE7DAD02-899B-3C09-8AD0-ADB130304E87}"
	ProjectSection(ProjectDependencies) = postProject
		{B1DB5288-4BCF-3BE8-A5C1-F33A8D0FA589} = {B1DB5288-4BCF-3BE8-A5C1-F33A8D0FA589}
		{1D635DA0-CAC8-303D-84FF-359548FACEC2} = {1D635DA0-CAC8-303D-84FF-359548FACEC2}
	EndProjectSection
EndProject
Project("{8BC9CEB8-8B4A-11D0-8D11-00A0C91BC942}") = "mipsel-softmmu", "mipsel-softmmu.vcxproj", "{107EF8EA-177C-3B65-AA76-02F71FE3479A}"
	ProjectSection(ProjectDependencies) = postProject
		{B1DB5288-4BCF-3BE8-A5C1-F33A8D0FA589} = {B1DB5288-4BCF-3BE8-A5C1-F33A8D0FA589}
		{1D635DA0-CAC8-303D-84FF-359548FACEC2} = {1D635DA0-CAC8-303D-84FF-359548FACEC2}
	EndProjectSection
EndProject
Project("{8BC9CEB8-8B4A-11D0-8D11-00A0C91BC942}") = "ppc-softmmu", "ppc-softmmu.vcxproj", "{77107C28-938E-3F37-AC15-9E2C6AFD3A43}"
	ProjectSection(ProjectDependencies) = postProject
		{B1DB5288-4BCF-3BE8-A5C1-F33A8D0FA589} = {B1DB5288-4BCF-3BE8-A5C1-F33A8D0FA589}
		{1D635DA0-CAC8-303D-84FF-359548FACEC2} = {1D635DA0-CAC8-303D-84FF-359548FACEC2}
	EndProjectSection
EndProject
Project("{8BC9CEB8-8B4A-11D0-8D11-00A0C91BC942}") = "ppc64-softmmu", "ppc64-softmmu.vcxproj", "{C09F3FF2-A58C-34CB-AF39-8F21CF6BFAE3}"
	ProjectSection(ProjectDependencies) = postProject
		{B1DB5288-4BCF-3BE8-A5C1-F33A8D0FA589} = {B1DB5288-4BCF-3BE8-A5C1-F33A8D0FA589}
		{1D635DA0-CAC8-303D-84FF-359548FACEC2} = {1D635DA0-CAC8-303D-84FF-359548FACEC2}
	EndProjectSection
EndProject
Project("{8BC9CEB8-8B4A-11D0-8D11-00A0C91BC942}") = "riscv32-softmmu", "riscv32-softmmu.vcxproj", "{55E083E0-D319-3A5E-94ED-812B35360875}"
	ProjectSection(ProjectDependencies) = postProject
		{B1DB5288-4BCF-3BE8-A5C1-F33A8D0FA589} = {B1DB5288-4BCF-3BE8-A5C1-F33A8D0FA589}
		{1D635DA0-CAC8-303D-84FF-359548FACEC2} = {1D635DA0-CAC8-303D-84FF-359548FACEC2}
	EndProjectSection
EndProject
Project("{8BC9CEB8-8B4A-11D0-8D11-00A0C91BC942}") = "riscv64-softmmu", "riscv64-softmmu.vcxproj", "{59C49117-9828-304E-817D-1DE66DF15B6D}"
	ProjectSection(ProjectDependencies) = postProject
		{B1DB5288-4BCF-3BE8-A5C1-F33A8D0FA589} = {B1DB5288-4BCF-3BE8-A5C1-F33A8D0FA589}
		{1D635DA0-CAC8-303D-84FF-359548FACEC2} = {1D635DA0-CAC8-303D-84FF-359548FACEC2}
	EndProjectSection
EndProject
Project("{8BC9CEB8-8B4A-11D0-8D11-00A0C91BC942}") = "s390x-softmmu", "s390x-softmmu.vcxproj", "{9D075DDC-C743-34C4-B8F5-2DA89C62E3EF}"
	ProjectSection(ProjectDependencies) = postProject
		{B1DB5288-4BCF-3BE8-A5C1-F33A8D0FA589} = {B1DB5288-4BCF-3BE8-A5C1-F33A8D0FA589}
		{1D635DA0-CAC8-303D-84FF-359548FACEC2} = {1D635DA0-CAC8-303D-84FF-359548FACEC2}
	EndProjectSection
EndProject
Project("{8BC9CEB8-8B4A-11D0-8D11-00A0C91BC942}") = "sample_arm", "sample_arm.vcxproj", "{A4D379DE-453A-3627-A129-CAB3ECB77207}"
	ProjectSection(ProjectDependencies) = postProject
		{B1DB5288-4BCF-3BE8-A5C1-F33A8D0FA589} = {B1DB5288-4BCF-3BE8-A5C1-F33A8D0FA589}
		{502B1653-51AA-329A-B04E-48034F9AF0CC} = {502B1653-51AA-329A-B04E-48034F9AF0CC}
	EndProjectSection
EndProject
Project("{8BC9CEB8-8B4A-11D0-8D11-00A0C91BC942}") = "sample_arm64", "sample_arm64.vcxproj", "{A38B341F-51D1-3983-9D5B-8D52D2A6FAE1}"
	ProjectSection(ProjectDependencies) = postProject
		{B1DB5288-4BCF-3BE8-A5C1-F33A8D0FA589} = {B1DB5288-4BCF-3BE8-A5C1-F33A8D0FA589}
		{502B1653-51AA-329A-B04E-48034F9AF0CC} = {502B1653-51AA-329A-B04E-48034F9AF0CC}
	EndProjectSection
EndProject
Project("{8BC9CEB8-8B4A-11D0-8D11-00A0C91BC942}") = "sample_batch_reg", "sample_batch_reg.vcxproj", "{251DBEDE-1D11-31FC-9149-AF049BCEF5F4}"
	ProjectSection(ProjectDependencies) = postProject
		{B1DB5288-4BCF-3BE8-A5C1-F33A8D0FA589} = {B1DB5288-4BCF-3BE8-A5C1-F33A8D0FA589}
		{502B1653-51AA-329A-B04E-48034F9AF0CC} = {502B1653-51AA-329A-B04E-48034F9AF0CC}
	EndProjectSection
EndProject
Project("{8BC9CEB8-8B4A-11D0-8D11-00A0C91BC942}") = "sample_ctl", "sample_ctl.vcxproj", "{03AA5327-B30F-3876-A453-2D4B030EB504}"
	ProjectSection(ProjectDependencies) = postProject
		{B1DB5288-4BCF-3BE8-A5C1-F33A8D0FA589} = {B1DB5288-4BCF-3BE8-A5C1-F33A8D0FA589}
		{502B1653-51AA-329A-B04E-48034F9AF0CC} = {502B1653-51AA-329A-B04E-48034F9AF0CC}
	EndProjectSection
EndProject
Project("{8BC9CEB8-8B4A-11D0-8D11-00A0C91BC942}") = "sample_m68k", "sample_m68k.vcxproj", "{24D8D351-92C9-3EB9-9BBC-F9780BAED119}"
	ProjectSection(ProjectDependencies) = postProject
		{B1DB5288-4BCF-3BE8-A5C1-F33A8D0FA589} = {B1DB5288-4BCF-3BE8-A5C1-F33A8D0FA589}
		{502B1653-51AA-329A-B04E-48034F9AF0CC} = {502B1653-51AA-329A-B04E-48034F9AF0CC}
	EndProjectSection
EndProject
Project("{8BC9CEB8-8B4A-11D0-8D11-00A0C91BC942}") = "sample_mips", "sample_mips.vcxproj", "{7752A0A6-3E4D-3C76-951A-7A19BADF67EB}"
	ProjectSection(ProjectDependencies) = postProject
		{B1DB5288-4BCF-3BE8-A5C1-F33A8D0FA589} = {B1DB5288-4BCF-3BE8-A5C1-F33A8D0FA589}
		{502B1653-51AA-329A-B04E-48034F9AF0CC} = {502B1653-51AA-329A-B04E-48034F9AF0CC}
	EndProjectSection
EndProject
Project("{8BC9CEB8-8B4A-11D0-8D11-00A0C91BC942}") = "sample_ppc", "sample_ppc.vcxproj", "{F44F42E6-D6E7-33DB-83B5-0A7FF5EA187F}"
	ProjectSection(ProjectDependencies) = postProject
		{B1DB5288-4BCF-3BE8-A5C1-F33A8D0FA589} = {B1DB5288-4BCF-3BE8-A5C1-F33A8D0FA589}
		{502B1653-51AA-329A-B04E-48034F9AF0CC} = {502B1653-51AA-329A-B04E-48034F9AF0CC}
	EndProjectSection
EndProject
Project("{8BC9CEB8-8B4A-11D0-8D11-00A0C91BC942}") = "sample_riscv", "sample_riscv.vcxproj", "{E7B8592E-07FE-35FE-825F-842454E2B394}"
	ProjectSection(ProjectDependencies) = postProject
		{B1DB5288-4BCF-3BE8-A5C1-F33A8D0FA589} = {B1DB5288-4BCF-3BE8-A5C1-F33A8D0FA589}
		{502B1653-51AA-329A-B04E-48034F9AF0CC} = {502B1653-51AA-329A-B04E-48034F9AF0CC}
	EndProjectSection
EndProject
Project("{8BC9CEB8-8B4A-11D0-8D11-00A0C91BC942}") = "sample_s390x", "sample_s390x.vcxproj", "{58EBAC50-06B6-34CC-98C6-1F9ABACC3CBC}"
	ProjectSection(ProjectDependencies) = postProject
		{B1DB5288-4BCF-3BE8-A5C1-F33A8D0FA589} = {B1DB5288-4BCF-3BE8-A5C1-F33A8D0FA589}
		{502B1653-51AA-329A-B04E-48034F9AF0CC} = {502B1653-51AA-329A-B04E-48034F9AF0CC}
	EndProjectSection
EndProject
Project("{8BC9CEB8-8B4A-11D0-8D11-00A0C91BC942}") = "sample_sparc", "sample_sparc.vcxproj", "{CD78EB0B-935F-3B46-8F66-7BA987BFD89C}"
	ProjectSection(ProjectDependencies) = postProject
		{B1DB5288-4BCF-3BE8-A5C1-F33A8D0FA589} = {B1DB5288-4BCF-3BE8-A5C1-F33A8D0FA589}
		{502B1653-51AA-329A-B04E-48034F9AF0CC} = {502B1653-51AA-329A-B04E-48034F9AF0CC}
	EndProjectSection
EndProject
Project("{8BC9CEB8-8B4A-11D0-8D11-00A0C91BC942}") = "sample_tricore", "sample_tricore.vcxproj", "{F0A53A7C-9D23-3FBE-B8C3-85A55100C605}"
	ProjectSection(ProjectDependencies) = postProject
		{B1DB5288-4BCF-3BE8-A5C1-F33A8D0FA589} = {B1DB5288-4BCF-3BE8-A5C1-F33A8D0FA589}
		{502B1653-51AA-329A-B04E-48034F9AF0CC} = {502B1653-51AA-329A-B04E-48034F9AF0CC}
	EndProjectSection
EndProject
Project("{8BC9CEB8-8B4A-11D0-8D11-00A0C91BC942}") = "sample_x86", "sample_x86.vcxproj", "{F8C4FD76-DE11-35A3-9977-EAB6085239E8}"
	ProjectSection(ProjectDependencies) = postProject
		{B1DB5288-4BCF-3BE8-A5C1-F33A8D0FA589} = {B1DB5288-4BCF-3BE8-A5C1-F33A8D0FA589}
		{502B1653-51AA-329A-B04E-48034F9AF0CC} = {502B1653-51AA-329A-B04E-48034F9AF0CC}
	EndProjectSection
EndProject
Project("{8BC9CEB8-8B4A-11D0-8D11-00A0C91BC942}") = "sample_x86_32_gdt_and_seg_regs", "sample_x86_32_gdt_and_seg_regs.vcxproj", "{C05E3C4A-941F-380B-84CC-83252FA2F97D}"
	ProjectSection(ProjectDependencies) = postProject
		{B1DB5288-4BCF-3BE8-A5C1-F33A8D0FA589} = {B1DB5288-4BCF-3BE8-A5C1-F33A8D0FA589}
		{502B1653-51AA-329A-B04E-48034F9AF0CC} = {502B1653-51AA-329A-B04E-48034F9AF0CC}
	EndProjectSection
EndProject
Project("{8BC9CEB8-8B4A-11D0-8D11-00A0C91BC942}") = "shellcode", "shellcode.vcxproj", "{B55F7B7A-7589-3287-9106-4781BDBDEF35}"
	ProjectSection(ProjectDependencies) = postProject
		{B1DB5288-4BCF-3BE8-A5C1-F33A8D0FA589} = {B1DB5288-4BCF-3BE8-A5C1-F33A8D0FA589}
		{502B1653-51AA-329A-B04E-48034F9AF0CC} = {502B1653-51AA-329A-B04E-48034F9AF0CC}
	EndProjectSection
EndProject
Project("{8BC9CEB8-8B4A-11D0-8D11-00A0C91BC942}") = "sparc-softmmu", "sparc-softmmu.vcxproj", "{306ADE8E-208B-347A-9C24-05F484769D04}"
	ProjectSection(ProjectDependencies) = postProject
		{B1DB5288-4BCF-3BE8-A5C1-F33A8D0FA589} = {B1DB5288-4BCF-3BE8-A5C1-F33A8D0FA589}
		{1D635DA0-CAC8-303D-84FF-359548FACEC2} = {1D635DA0-CAC8-303D-84FF-359548FACEC2}
	EndProjectSection
EndProject
Project("{8BC9CEB8-8B4A-11D0-8D11-00A0C91BC942}") = "sparc64-softmmu", "sparc64-softmmu.vcxproj", "{E091C984-4E6C-3C24-A9C0-ED958EE6609E}"
	ProjectSection(ProjectDependencies) = postProject
		{B1DB5288-4BCF-3BE8-A5C1-F33A8D0FA589} = {B1DB5288-4BCF-3BE8-A5C1-F33A8D0FA589}
		{1D635DA0-CAC8-303D-84FF-359548FACEC2} = {1D635DA0-CAC8-303D-84FF-359548FACEC2}
	EndProjectSection
EndProject
Project("{8BC9CEB8-8B4A-11D0-8D11-00A0C91BC942}") = "test_arm", "test_arm.vcxproj", "{68F1FA79-4276-3DEF-A362-917D97564919}"
	ProjectSection(ProjectDependencies) = postProject
		{B1DB5288-4BCF-3BE8-A5C1-F33A8D0FA589} = {B1DB5288-4BCF-3BE8-A5C1-F33A8D0FA589}
		{502B1653-51AA-329A-B04E-48034F9AF0CC} = {502B1653-51AA-329A-B04E-48034F9AF0CC}
	EndProjectSection
EndProject
Project("{8BC9CEB8-8B4A-11D0-8D11-00A0C91BC942}") = "test_arm64", "test_arm64.vcxproj", "{A61A65A5-B207-38A7-A8F3-D39DA5EDFF36}"
	ProjectSection(ProjectDependencies) = postProject
		{B1DB5288-4BCF-3BE8-A5C1-F33A8D0FA589} = {B1DB5288-4BCF-3BE8-A5C1-F33A8D0FA589}
		{502B1653-51AA-329A-B04E-48034F9AF0CC} = {502B1653-51AA-329A-B04E-48034F9AF0CC}
	EndProjectSection
EndProject
Project("{8BC9CEB8-8B4A-11D0-8D11-00A0C91BC942}") = "test_ctl", "test_ctl.vcxproj", "{156F883B-FB6A-3F89-8F81-04C4950BE207}"
	ProjectSection(ProjectDependencies) = postProject
		{B1DB5288-4BCF-3BE8-A5C1-F33A8D0FA589} = {B1DB5288-4BCF-3BE8-A5C1-F33A8D0FA589}
		{502B1653-51AA-329A-B04E-48034F9AF0CC} = {502B1653-51AA-329A-B04E-48034F9AF0CC}
	EndProjectSection
EndProject
Project("{8BC9CEB8-8B4A-11D0-8D11-00A0C91BC942}") = "test_m68k", "test_m68k.vcxproj", "{B4C8300E-7D82-3626-8650-F85A35816EF4}"
	ProjectSection(ProjectDependencies) = postProject
		{B1DB5288-4BCF-3BE8-A5C1-F33A8D0FA589} = {B1DB5288-4BCF-3BE8-A5C1-F33A8D0FA589}
		{502B1653-51AA-329A-B04E-48034F9AF0CC} = {502B1653-51AA-329A-B04E-48034F9AF0CC}
	EndProjectSection
EndProject
Project("{8BC9CEB8-8B4A-11D0-8D11-00A0C91BC942}") = "test_mem", "test_mem.vcxproj", "{95DCF5DE-082F-33EF-BCCC-208329BA35A6}"
	ProjectSection(ProjectDependencies) = postProject
		{B1DB5288-4BCF-3BE8-A5C1-F33A8D0FA589} = {B1DB5288-4BCF-3BE8-A5C1-F33A8D0FA589}
		{502B1653-51AA-329A-B04E-48034F9AF0CC} = {502B1653-51AA-329A-B04E-48034F9AF0CC}
	EndProjectSection
EndProject
Project("{8BC9CEB8-8B4A-11D0-8D11-00A0C91BC942}") = "test_mips", "test_mips.vcxproj", "{A78E38D4-3261-33AD-BD22-318538AFD409}"
	ProjectSection(ProjectDependencies) = postProject
		{B1DB5288-4BCF-3BE8-A5C1-F33A8D0FA589} = {B1DB5288-4BCF-3BE8-A5C1-F33A8D0FA589}
		{502B1653-51AA-329A-B04E-48034F9AF0CC} = {502B1653-51AA-329A-B04E-48034F9AF0CC}
	EndProjectSection
EndProject
Project("{8BC9CEB8-8B4A-11D0-8D11-00A0C91BC942}") = "test_ppc", "test_ppc.vcxproj", "{D01306E1-C66A-33BF-A873-86B127B7DE99}"
	ProjectSection(ProjectDependencies) = postProject
		{B1DB5288-4BCF-3BE8-A5C1-F33A8D0FA589} = {B1DB5288-4BCF-3BE8-A5C1-F33A8D0FA589}
		{502B1653-51AA-329A-B04E-48034F9AF0CC} = {502B1653-51AA-329A-B04E-48034F9AF0CC}
	EndProjectSection
EndProject
Project("{8BC9CEB8-8B4A-11D0-8D11-00A0C91BC942}") = "test_riscv", "test_riscv.vcxproj", "{3A15C2E6-D3D2-3756-8CEF-8AE1DE9BC8D1}"
	ProjectSection(ProjectDependencies) = postProject
		{B1DB5288-4BCF-3BE8-A5C1-F33A8D0FA589} = {B1DB5288-4BCF-3BE8-A5C1-F33A8D0FA589}
		{502B1653-51AA-329A-B04E-48034F9AF0CC} = {502B1653-51AA-329A-B04E-48034F9AF0CC}
	EndProjectSection
EndProject
Project("{8BC9CEB8-8B4A-11D0-8D11-00A0C91BC942}") = "test_s390x", "test_s390x.vcxproj", "{AFCA5701-4DBE-3508-8FE7-36B86A0CD5F6}"
	ProjectSection(ProjectDependencies) = postProject
		{B1DB5288-4BCF-3BE8-A5C1-F33A8D0FA589} = {B1DB5288-4BCF-3BE8-A5C1-F33A8D0FA589}
		{502B1653-51AA-329A-B04E-48034F9AF0CC} = {502B1653-51AA-329A-B04E-48034F9AF0CC}
	EndProjectSection
EndProject
Project("{8BC9CEB8-8B4A-11D0-8D11-00A0C91BC942}") = "test_sparc", "test_sparc.vcxproj", "{B6E656F3-E335-3F1D-82AC-FD83F2FCACAD}"
	ProjectSection(ProjectDependencies) = postProject
		{B1DB5288-4BCF-3BE8-A5C1-F33A8D0FA589} = {B1DB5288-4BCF-3BE8-A5C1-F33A8D0FA589}
		{502B1653-51AA-329A-B04E-48034F9AF0CC} = {502B1653-51AA-329A-B04E-48034F9AF0CC}
	EndProjectSection
EndProject
Project("{8BC9CEB8-8B4A-11D0-8D11-00A0C91BC942}") = "test_tricore", "test_tricore.vcxproj", "{AA41955A-E18C-3D9C-A32D-1B05C3F72C76}"
	ProjectSection(ProjectDependencies) = postProject
		{B1DB5288-4BCF-3BE8-A5C1-F33A8D0FA589} = {B1DB5288-4BCF-3BE8-A5C1-F33A8D0FA589}
		{502B1653-51AA-329A-B04E-48034F9AF0CC} = {502B1653-51AA-329A-B04E-48034F9AF0CC}
	EndProjectSection
EndProject
Project("{8BC9CEB8-8B4A-11D0-8D11-00A0C91BC942}") = "test_x86", "test_x86.vcxproj", "{883292D1-9A19-3541-ABBF-B2F4203A62AF}"
	ProjectSection(ProjectDependencies) = postProject
		{B1DB5288-4BCF-3BE8-A5C1-F33A8D0FA589} = {B1DB5288-4BCF-3BE8-A5C1-F33A8D0FA589}
		{502B1653-51AA-329A-B04E-48034F9AF0CC} = {502B1653-51AA-329A-B04E-48034F9AF0CC}
	EndProjectSection
EndProject
Project("{8BC9CEB8-8B4A-11D0-8D11-00A0C91BC942}") = "tricore-softmmu", "tricore-softmmu.vcxproj", "{7800623E-15CD-363B-8F30-E772A069524E}"
	ProjectSection(ProjectDependencies) = postProject
		{B1DB5288-4BCF-3BE8-A5C1-F33A8D0FA589} = {B1DB5288-4BCF-3BE8-A5C1-F33A8D0FA589}
		{1D635DA0-CAC8-303D-84FF-359548FACEC2} = {1D635DA0-CAC8-303D-84FF-359548FACEC2}
	EndProjectSection
EndProject
Project("{8BC9CEB8-8B4A-11D0-8D11-00A0C91BC942}") = "unicorn", "unicorn.vcxproj", "{502B1653-51AA-329A-B04E-48034F9AF0CC}"
	ProjectSection(ProjectDependencies) = postProject
		{B1DB5288-4BCF-3BE8-A5C1-F33A8D0FA589} = {B1DB5288-4BCF-3BE8-A5C1-F33A8D0FA589}
		{D1F3B653-F151-3984-A1F7-9BA6723E737B} = {D1F3B653-F151-3984-A1F7-9BA6723E737B}
		{EB78584A-9A68-3EBE-ADE8-E12FCDF399C0} = {EB78584A-9A68-3EBE-ADE8-E12FCDF399C0}
		{702633A5-C3CE-3687-BBCB-B91B95CFF106} = {702633A5-C3CE-3687-BBCB-B91B95CFF106}
		{A364D042-8C95-3104-A58C-2FED709C0503} = {A364D042-8C95-3104-A58C-2FED709C0503}
		{377E2402-2A61-31ED-A3AC-0A3D3040D0AB} = {377E2402-2A61-31ED-A3AC-0A3D3040D0AB}
		{DE7DAD02-899B-3C09-8AD0-ADB130304E87} = {DE7DAD02-899B-3C09-8AD0-ADB130304E87}
		{107EF8EA-177C-3B65-AA76-02F71FE3479A} = {107EF8EA-177C-3B65-AA76-02F71FE3479A}
		{77107C28-938E-3F37-AC15-9E2C6AFD3A43} = {77107C28-938E-3F37-AC15-9E2C6AFD3A43}
		{C09F3FF2-A58C-34CB-AF39-8F21CF6BFAE3} = {C09F3FF2-A58C-34CB-AF39-8F21CF6BFAE3}
		{55E083E0-D319-3A5E-94ED-812B35360875} = {55E083E0-D319-3A5E-94ED-812B35360875}
		{59C49117-9828-304E-817D-1DE66DF15B6D} = {59C49117-9828-304E-817D-1DE66DF15B6D}
		{9D075DDC-C743-34C4-B8F5-2DA89C62E3EF} = {9D075DDC-C743-34C4-B8F5-2DA89C62E3EF}
		{306ADE8E-208B-347A-9C24-05F484769D04} = {306ADE8E-208B-347A-9C24-05F484769D04}
		{E091C984-4E6C-3C24-A9C0-ED958EE6609E} = {E091C984-4E6C-3C24-A9C0-ED958EE6609E}
		{7800623E-15CD-363B-8F30-E772A069524E} = {7800623E-15CD-363B-8F30-E772A069524E}
		{1D635DA0-CAC8-303D-84FF-359548FACEC2} = {1D635DA0-CAC8-303D-84FF-359548FACEC2}
		{DF56765C-3CC2-382A-9957-7E347A67EC2F} = {DF56765C-3CC2-382A-9957-7E347A67EC2F}
	EndProjectSection
EndProject
Project("{8BC9CEB8-8B4A-11D0-8D11-00A0C91BC942}") = "unicorn-common", "unicorn-common.vcxproj", "{1D635DA0-CAC8-303D-84FF-359548FACEC2}"
	ProjectSection(ProjectDependencies) = postProject
		{B1DB5288-4BCF-3BE8-A5C1-F33A8D0FA589} = {B1DB5288-4BCF-3BE8-A5C1-F33A8D0FA589}
	EndProjectSection
EndProject
Project("{8BC9CEB8-8B4A-11D0-8D11-00A0C91BC942}") = "unicorn_static", "unicorn_static.vcxproj", "{F49DDAF6-6E8F-3E18-BD23-31A674FDE544}"
	ProjectSection(ProjectDependencies) = postProject
		{B1DB5288-4BCF-3BE8-A5C1-F33A8D0FA589} = {B1DB5288-4BCF-3BE8-A5C1-F33A8D0FA589}
		{D1F3B653-F151-3984-A1F7-9BA6723E737B} = {D1F3B653-F151-3984-A1F7-9BA6723E737B}
		{EB78584A-9A68-3EBE-ADE8-E12FCDF399C0} = {EB78584A-9A68-3EBE-ADE8-E12FCDF399C0}
		{702633A5-C3CE-3687-BBCB-B91B95CFF106} = {702633A5-C3CE-3687-BBCB-B91B95CFF106}
		{A364D042-8C95-3104-A58C-2FED709C0503} = {A364D042-8C95-3104-A58C-2FED709C0503}
		{377E2402-2A61-31ED-A3AC-0A3D3040D0AB} = {377E2402-2A61-31ED-A3AC-0A3D3040D0AB}
		{DE7DAD02-899B-3C09-8AD0-ADB130304E87} = {DE7DAD02-899B-3C09-8AD0-ADB130304E87}
		{107EF8EA-177C-3B65-AA76-02F71FE3479A} = {107EF8EA-177C-3B65-AA76-02F71FE3479A}
		{77107C28-938E-3F37-AC15-9E2C6AFD3A43} = {77107C28-938E-3F37-AC15-9E2C6AFD3A43}
		{C09F3FF2-A58C-34CB-AF39-8F21CF6BFAE3} = {C09F3FF2-A58C-34CB-AF39-8F21CF6BFAE3}
		{55E083E0-D319-3A5E-94ED-812B35360875} = {55E083E0-D319-3A5E-94ED-812B35360875}
		{59C49117-9828-304E-817D-1DE66DF15B6D} = {59C49117-9828-304E-817D-1DE66DF15B6D}
		{9D075DDC-C743-34C4-B8F5-2DA89C62E3EF} = {9D075DDC-C743-34C4-B8F5-2DA89C62E3EF}
		{306ADE8E-208B-347A-9C24-05F484769D04} = {306ADE8E-208B-347A-9C24-05F484769D04}
		{E091C984-4E6C-3C24-A9C0-ED958EE6609E} = {E091C984-4E6C-3C24-A9C0-ED958EE6609E}
		{7800623E-15CD-363B-8F30-E772A069524E} = {7800623E-15CD-363B-8F30-E772A069524E}
		{1D635DA0-CAC8-303D-84FF-359548FACEC2} = {1D635DA0-CAC8-303D-84FF-359548FACEC2}
		{DF56765C-3CC2-382A-9957-7E347A67EC2F} = {DF56765C-3CC2-382A-9957-7E347A67EC2F}
	EndProjectSection
EndProject
Project("{8BC9CEB8-8B4A-11D0-8D11-00A0C91BC942}") = "x86_64-softmmu", "x86_64-softmmu.vcxproj", "{DF56765C-3CC2-382A-9957-7E347A67EC2F}"
	ProjectSection(ProjectDependencies) = postProject
		{B1DB5288-4BCF-3BE8-A5C1-F33A8D0FA589} = {B1DB5288-4BCF-3BE8-A5C1-F33A8D0FA589}
		{1D635DA0-CAC8-303D-84FF-359548FACEC2} = {1D635DA0-CAC8-303D-84FF-359548FACEC2}
	EndProjectSection
EndProject
Global
	GlobalSection(SolutionConfigurationPlatforms) = preSolution
		Debug|x64 = Debug|x64
		Release|x64 = Release|x64
		MinSizeRel|x64 = MinSizeRel|x64
		RelWithDebInfo|x64 = RelWithDebInfo|x64
	EndGlobalSection
	GlobalSection(ProjectConfigurationPlatforms) = postSolution
		{D6FBDB95-BE83-3030-BF1E-28EB5FBF534A}.Debug|x64.ActiveCfg = Debug|x64
		{D6FBDB95-BE83-3030-BF1E-28EB5FBF534A}.Release|x64.ActiveCfg = Release|x64
		{D6FBDB95-BE83-3030-BF1E-28EB5FBF534A}.MinSizeRel|x64.ActiveCfg = MinSizeRel|x64
		{D6FBDB95-BE83-3030-BF1E-28EB5FBF534A}.RelWithDebInfo|x64.ActiveCfg = RelWithDebInfo|x64
		{D7B3A2D6-3BD2-3512-8C81-6ED803C5CCD2}.Debug|x64.ActiveCfg = Debug|x64
		{D7B3A2D6-3BD2-3512-8C81-6ED803C5CCD2}.Release|x64.ActiveCfg = Release|x64
		{D7B3A2D6-3BD2-3512-8C81-6ED803C5CCD2}.MinSizeRel|x64.ActiveCfg = MinSizeRel|x64
		{D7B3A2D6-3BD2-3512-8C81-6ED803C5CCD2}.RelWithDebInfo|x64.ActiveCfg = RelWithDebInfo|x64
		{B1DB5288-4BCF-3BE8-A5C1-F33A8D0FA589}.Debug|x64.ActiveCfg = Debug|x64
		{B1DB5288-4BCF-3BE8-A5C1-F33A8D0FA589}.Debug|x64.Build.0 = Debug|x64
		{B1DB5288-4BCF-3BE8-A5C1-F33A8D0FA589}.Release|x64.ActiveCfg = Release|x64
		{B1DB5288-4BCF-3BE8-A5C1-F33A8D0FA589}.Release|x64.Build.0 = Release|x64
		{B1DB5288-4BCF-3BE8-A5C1-F33A8D0FA589}.MinSizeRel|x64.ActiveCfg = MinSizeRel|x64
		{B1DB5288-4BCF-3BE8-A5C1-F33A8D0FA589}.MinSizeRel|x64.Build.0 = MinSizeRel|x64
		{B1DB5288-4BCF-3BE8-A5C1-F33A8D0FA589}.RelWithDebInfo|x64.ActiveCfg = RelWithDebInfo|x64
		{B1DB5288-4BCF-3BE8-A5C1-F33A8D0FA589}.RelWithDebInfo|x64.Build.0 = RelWithDebInfo|x64
		{D1F3B653-F151-3984-A1F7-9BA6723E737B}.Debug|x64.ActiveCfg = Debug|x64
		{D1F3B653-F151-3984-A1F7-9BA6723E737B}.Debug|x64.Build.0 = Debug|x64
		{D1F3B653-F151-3984-A1F7-9BA6723E737B}.Release|x64.ActiveCfg = Release|x64
		{D1F3B653-F151-3984-A1F7-9BA6723E737B}.Release|x64.Build.0 = Release|x64
		{D1F3B653-F151-3984-A1F7-9BA6723E737B}.MinSizeRel|x64.ActiveCfg = MinSizeRel|x64
		{D1F3B653-F151-3984-A1F7-9BA6723E737B}.MinSizeRel|x64.Build.0 = MinSizeRel|x64
		{D1F3B653-F151-3984-A1F7-9BA6723E737B}.RelWithDebInfo|x64.ActiveCfg = RelWithDebInfo|x64
		{D1F3B653-F151-3984-A1F7-9BA6723E737B}.RelWithDebInfo|x64.Build.0 = RelWithDebInfo|x64
		{EB78584A-9A68-3EBE-ADE8-E12FCDF399C0}.Debug|x64.ActiveCfg = Debug|x64
		{EB78584A-9A68-3EBE-ADE8-E12FCDF399C0}.Debug|x64.Build.0 = Debug|x64
		{EB78584A-9A68-3EBE-ADE8-E12FCDF399C0}.Release|x64.ActiveCfg = Release|x64
		{EB78584A-9A68-3EBE-ADE8-E12FCDF399C0}.Release|x64.Build.0 = Release|x64
		{EB78584A-9A68-3EBE-ADE8-E12FCDF399C0}.MinSizeRel|x64.ActiveCfg = MinSizeRel|x64
		{EB78584A-9A68-3EBE-ADE8-E12FCDF399C0}.MinSizeRel|x64.Build.0 = MinSizeRel|x64
		{EB78584A-9A68-3EBE-ADE8-E12FCDF399C0}.RelWithDebInfo|x64.ActiveCfg = RelWithDebInfo|x64
		{EB78584A-9A68-3EBE-ADE8-E12FCDF399C0}.RelWithDebInfo|x64.Build.0 = RelWithDebInfo|x64
		{F09831EE-030C-35F6-9B59-C8E811B70D6E}.Debug|x64.ActiveCfg = Debug|x64
		{F09831EE-030C-35F6-9B59-C8E811B70D6E}.Debug|x64.Build.0 = Debug|x64
		{F09831EE-030C-35F6-9B59-C8E811B70D6E}.Release|x64.ActiveCfg = Release|x64
		{F09831EE-030C-35F6-9B59-C8E811B70D6E}.Release|x64.Build.0 = Release|x64
		{F09831EE-030C-35F6-9B59-C8E811B70D6E}.MinSizeRel|x64.ActiveCfg = MinSizeRel|x64
		{F09831EE-030C-35F6-9B59-C8E811B70D6E}.MinSizeRel|x64.Build.0 = MinSizeRel|x64
		{F09831EE-030C-35F6-9B59-C8E811B70D6E}.RelWithDebInfo|x64.ActiveCfg = RelWithDebInfo|x64
		{F09831EE-030C-35F6-9B59-C8E811B70D6E}.RelWithDebInfo|x64.Build.0 = RelWithDebInfo|x64
		{702633A5-C3CE-3687-BBCB-B91B95CFF106}.Debug|x64.ActiveCfg = Debug|x64
		{702633A5-C3CE-3687-BBCB-B91B95CFF106}.Debug|x64.Build.0 = Debug|x64
		{702633A5-C3CE-3687-BBCB-B91B95CFF106}.Release|x64.ActiveCfg = Release|x64
		{702633A5-C3CE-3687-BBCB-B91B95CFF106}.Release|x64.Build.0 = Release|x64
		{702633A5-C3CE-3687-BBCB-B91B95CFF106}.MinSizeRel|x64.ActiveCfg = MinSizeRel|x64
		{702633A5-C3CE-3687-BBCB-B91B95CFF106}.MinSizeRel|x64.Build.0 = MinSizeRel|x64
		{702633A5-C3CE-3687-BBCB-B91B95CFF106}.RelWithDebInfo|x64.ActiveCfg = RelWithDebInfo|x64
		{702633A5-C3CE-3687-BBCB-B91B95CFF106}.RelWithDebInfo|x64.Build.0 = RelWithDebInfo|x64
		{91F46716-8B81-3070-A69A-E20804337382}.Debug|x64.ActiveCfg = Debug|x64
		{91F46716-8B81-3070-A69A-E20804337382}.Debug|x64.Build.0 = Debug|x64
		{91F46716-8B81-3070-A69A-E20804337382}.Release|x64.ActiveCfg = Release|x64
		{91F46716-8B81-3070-A69A-E20804337382}.Release|x64.Build.0 = Release|x64
		{91F46716-8B81-3070-A69A-E20804337382}.MinSizeRel|x64.ActiveCfg = MinSizeRel|x64
		{91F46716-8B81-3070-A69A-E20804337382}.MinSizeRel|x64.Build.0 = MinSizeRel|x64
		{91F46716-8B81-3070-A69A-E20804337382}.RelWithDebInfo|x64.ActiveCfg = RelWithDebInfo|x64
		{91F46716-8B81-3070-A69A-E20804337382}.RelWithDebInfo|x64.Build.0 = RelWithDebInfo|x64
		{A364D042-8C95-3104-A58C-2FED709C0503}.Debug|x64.ActiveCfg = Debug|x64
		{A364D042-8C95-3104-A58C-2FED709C0503}.Debug|x64.Build.0 = Debug|x64
		{A364D042-8C95-3104-A58C-2FED709C0503}.Release|x64.ActiveCfg = Release|x64
		{A364D042-8C95-3104-A58C-2FED709C0503}.Release|x64.Build.0 = Release|x64
		{A364D042-8C95-3104-A58C-2FED709C0503}.MinSizeRel|x64.ActiveCfg = MinSizeRel|x64
		{A364D042-8C95-3104-A58C-2FED709C0503}.MinSizeRel|x64.Build.0 = MinSizeRel|x64
		{A364D042-8C95-3104-A58C-2FED709C0503}.RelWithDebInfo|x64.ActiveCfg = RelWithDebInfo|x64
		{A364D042-8C95-3104-A58C-2FED709C0503}.RelWithDebInfo|x64.Build.0 = RelWithDebInfo|x64
		{377E2402-2A61-31ED-A3AC-0A3D3040D0AB}.Debug|x64.ActiveCfg = Debug|x64
		{377E2402-2A61-31ED-A3AC-0A3D3040D0AB}.Debug|x64.Build.0 = Debug|x64
		{377E2402-2A61-31ED-A3AC-0A3D3040D0AB}.Release|x64.ActiveCfg = Release|x64
		{377E2402-2A61-31ED-A3AC-0A3D3040D0AB}.Release|x64.Build.0 = Release|x64
		{377E2402-2A61-31ED-A3AC-0A3D3040D0AB}.MinSizeRel|x64.ActiveCfg = MinSizeRel|x64
		{377E2402-2A61-31ED-A3AC-0A3D3040D0AB}.MinSizeRel|x64.Build.0 = MinSizeRel|x64
		{377E2402-2A61-31ED-A3AC-0A3D3040D0AB}.RelWithDebInfo|x64.ActiveCfg = RelWithDebInfo|x64
		{377E2402-2A61-31ED-A3AC-0A3D3040D0AB}.RelWithDebInfo|x64.Build.0 = RelWithDebInfo|x64
		{DE7DAD02-899B-3C09-8AD0-ADB130304E87}.Debug|x64.ActiveCfg = Debug|x64
		{DE7DAD02-899B-3C09-8AD0-ADB130304E87}.Debug|x64.Build.0 = Debug|x64
		{DE7DAD02-899B-3C09-8AD0-ADB130304E87}.Release|x64.ActiveCfg = Release|x64
		{DE7DAD02-899B-3C09-8AD0-ADB130304E87}.Release|x64.Build.0 = Release|x64
		{DE7DAD02-899B-3C09-8AD0-ADB130304E87}.MinSizeRel|x64.ActiveCfg = MinSizeRel|x64
		{DE7DAD02-899B-3C09-8AD0-ADB130304E87}.MinSizeRel|x64.Build.0 = MinSizeRel|x64
		{DE7DAD02-899B-3C09-8AD0-ADB130304E87}.RelWithDebInfo|x64.ActiveCfg = RelWithDebInfo|x64
		{DE7DAD02-899B-3C09-8AD0-ADB130304E87}.RelWithDebInfo|x64.Build.0 = RelWithDebInfo|x64
		{107EF8EA-177C-3B65-AA76-02F71FE3479A}.Debug|x64.ActiveCfg = Debug|x64
		{107EF8EA-177C-3B65-AA76-02F71FE3479A}.Debug|x64.Build.0 = Debug|x64
		{107EF8EA-177C-3B65-AA76-02F71FE3479A}.Release|x64.ActiveCfg = Release|x64
		{107EF8EA-177C-3B65-AA76-02F71FE3479A}.Release|x64.Build.0 = Release|x64
		{107EF8EA-177C-3B65-AA76-02F71FE3479A}.MinSizeRel|x64.ActiveCfg = MinSizeRel|x64
		{107EF8EA-177C-3B65-AA76-02F71FE3479A}.MinSizeRel|x64.Build.0 = MinSizeRel|x64
		{107EF8EA-177C-3B65-AA76-02F71FE3479A}.RelWithDebInfo|x64.ActiveCfg = RelWithDebInfo|x64
		{107EF8EA-177C-3B65-AA76-02F71FE3479A}.RelWithDebInfo|x64.Build.0 = RelWithDebInfo|x64
		{77107C28-938E-3F37-AC15-9E2C6AFD3A43}.Debug|x64.ActiveCfg = Debug|x64
		{77107C28-938E-3F37-AC15-9E2C6AFD3A43}.Debug|x64.Build.0 = Debug|x64
		{77107C28-938E-3F37-AC15-9E2C6AFD3A43}.Release|x64.ActiveCfg = Release|x64
		{77107C28-938E-3F37-AC15-9E2C6AFD3A43}.Release|x64.Build.0 = Release|x64
		{77107C28-938E-3F37-AC15-9E2C6AFD3A43}.MinSizeRel|x64.ActiveCfg = MinSizeRel|x64
		{77107C28-938E-3F37-AC15-9E2C6AFD3A43}.MinSizeRel|x64.Build.0 = MinSizeRel|x64
		{77107C28-938E-3F37-AC15-9E2C6AFD3A43}.RelWithDebInfo|x64.ActiveCfg = RelWithDebInfo|x64
		{77107C28-938E-3F37-AC15-9E2C6AFD3A43}.RelWithDebInfo|x64.Build.0 = RelWithDebInfo|x64
		{C09F3FF2-A58C-34CB-AF39-8F21CF6BFAE3}.Debug|x64.ActiveCfg = Debug|x64
		{C09F3FF2-A58C-34CB-AF39-8F21CF6BFAE3}.Debug|x64.Build.0 = Debug|x64
		{C09F3FF2-A58C-34CB-AF39-8F21CF6BFAE3}.Release|x64.ActiveCfg = Release|x64
		{C09F3FF2-A58C-34CB-AF39-8F21CF6BFAE3}.Release|x64.Build.0 = Release|x64
		{C09F3FF2-A58C-34CB-AF39-8F21CF6BFAE3}.MinSizeRel|x64.ActiveCfg = MinSizeRel|x64
		{C09F3FF2-A58C-34CB-AF39-8F21CF6BFAE3}.MinSizeRel|x64.Build.0 = MinSizeRel|x64
		{C09F3FF2-A58C-34CB-AF39-8F21CF6BFAE3}.RelWithDebInfo|x64.ActiveCfg = RelWithDebInfo|x64
		{C09F3FF2-A58C-34CB-AF39-8F21CF6BFAE3}.RelWithDebInfo|x64.Build.0 = RelWithDebInfo|x64
		{55E083E0-D319-3A5E-94ED-812B35360875}.Debug|x64.ActiveCfg = Debug|x64
		{55E083E0-D319-3A5E-94ED-812B35360875}.Debug|x64.Build.0 = Debug|x64
		{55E083E0-D319-3A5E-94ED-812B35360875}.Release|x64.ActiveCfg = Release|x64
		{55E083E0-D319-3A5E-94ED-812B35360875}.Release|x64.Build.0 = Release|x64
		{55E083E0-D319-3A5E-94ED-812B35360875}.MinSizeRel|x64.ActiveCfg = MinSizeRel|x64
		{55E083E0-D319-3A5E-94ED-812B35360875}.MinSizeRel|x64.Build.0 = MinSizeRel|x64
		{55E083E0-D319-3A5E-94ED-812B35360875}.RelWithDebInfo|x64.ActiveCfg = RelWithDebInfo|x64
		{55E083E0-D319-3A5E-94ED-812B35360875}.RelWithDebInfo|x64.Build.0 = RelWithDebInfo|x64
		{59C49117-9828-304E-817D-1DE66DF15B6D}.Debug|x64.ActiveCfg = Debug|x64
		{59C49117-9828-304E-817D-1DE66DF15B6D}.Debug|x64.Build.0 = Debug|x64
		{59C49117-9828-304E-817D-1DE66DF15B6D}.Release|x64.ActiveCfg = Release|x64
		{59C49117-9828-304E-817D-1DE66DF15B6D}.Release|x64.Build.0 = Release|x64
		{59C49117-9828-304E-817D-1DE66DF15B6D}.MinSizeRel|x64.ActiveCfg = MinSizeRel|x64
		{59C49117-9828-304E-817D-1DE66DF15B6D}.MinSizeRel|x64.Build.0 = MinSizeRel|x64
		{59C49117-9828-304E-817D-1DE66DF15B6D}.RelWithDebInfo|x64.ActiveCfg = RelWithDebInfo|x64
		{59C49117-9828-304E-817D-1DE66DF15B6D}.RelWithDebInfo|x64.Build.0 = RelWithDebInfo|x64
		{9D075DDC-C743-34C4-B8F5-2DA89C62E3EF}.Debug|x64.ActiveCfg = Debug|x64
		{9D075DDC-C743-34C4-B8F5-2DA89C62E3EF}.Debug|x64.Build.0 = Debug|x64
		{9D075DDC-C743-34C4-B8F5-2DA89C62E3EF}.Release|x64.ActiveCfg = Release|x64
		{9D075DDC-C743-34C4-B8F5-2DA89C62E3EF}.Release|x64.Build.0 = Release|x64
		{9D075DDC-C743-34C4-B8F5-2DA89C62E3EF}.MinSizeRel|x64.ActiveCfg = MinSizeRel|x64
		{9D075DDC-C743-34C4-B8F5-2DA89C62E3EF}.MinSizeRel|x64.Build.0 = MinSizeRel|x64
		{9D075DDC-C743-34C4-B8F5-2DA89C62E3EF}.RelWithDebInfo|x64.ActiveCfg = RelWithDebInfo|x64
		{9D075DDC-C743-34C4-B8F5-2DA89C62E3EF}.RelWithDebInfo|x64.Build.0 = RelWithDebInfo|x64
		{A4D379DE-453A-3627-A129-CAB3ECB77207}.Debug|x64.ActiveCfg = Debug|x64
		{A4D379DE-453A-3627-A129-CAB3ECB77207}.Debug|x64.Build.0 = Debug|x64
		{A4D379DE-453A-3627-A129-CAB3ECB77207}.Release|x64.ActiveCfg = Release|x64
		{A4D379DE-453A-3627-A129-CAB3ECB77207}.Release|x64.Build.0 = Release|x64
		{A4D379DE-453A-3627-A129-CAB3ECB77207}.MinSizeRel|x64.ActiveCfg = MinSizeRel|x64
		{A4D379DE-453A-3627-A129-CAB3ECB77207}.MinSizeRel|x64.Build.0 = MinSizeRel|x64
		{A4D379DE-453A-3627-A129-CAB3ECB77207}.RelWithDebInfo|x64.ActiveCfg = RelWithDebInfo|x64
		{A4D379DE-453A-3627-A129-CAB3ECB77207}.RelWithDebInfo|x64.Build.0 = RelWithDebInfo|x64
		{A38B341F-51D1-3983-9D5B-8D52D2A6FAE1}.Debug|x64.ActiveCfg = Debug|x64
		{A38B341F-51D1-3983-9D5B-8D52D2A6FAE1}.Debug|x64.Build.0 = Debug|x64
		{A38B341F-51D1-3983-9D5B-8D52D2A6FAE1}.Release|x64.ActiveCfg = Release|x64
		{A38B341F-51D1-3983-9D5B-8D52D2A6FAE1}.Release|x64.Build.0 = Release|x64
		{A38B341F-51D1-3983-9D5B-8D52D2A6FAE1}.MinSizeRel|x64.ActiveCfg = MinSizeRel|x64
		{A38B341F-51D1-3983-9D5B-8D52D2A6FAE1}.MinSizeRel|x64.Build.0 = MinSizeRel|x64
		{A38B341F-51D1-3983-9D5B-8D52D2A6FAE1}.RelWithDebInfo|x64.ActiveCfg = RelWithDebInfo|x64
		{A38B341F-51D1-3983-9D5B-8D52D2A6FAE1}.RelWithDebInfo|x64.Build.0 = RelWithDebInfo|x64
		{251DBEDE-1D11-31FC-9149-AF049BCEF5F4}.Debug|x64.ActiveCfg = Debug|x64
		{251DBEDE-1D11-31FC-9149-AF049BCEF5F4}.Debug|x64.Build.0 = Debug|x64
		{251DBEDE-1D11-31FC-9149-AF049BCEF5F4}.Release|x64.ActiveCfg = Release|x64
		{251DBEDE-1D11-31FC-9149-AF049BCEF5F4}.Release|x64.Build.0 = Release|x64
		{251DBEDE-1D11-31FC-9149-AF049BCEF5F4}.MinSizeRel|x64.ActiveCfg = MinSizeRel|x64
		{251DBEDE-1D11-31FC-9149-AF049BCEF5F4}.MinSizeRel|x64.Build.0 = MinSizeRel|x64
		{251DBEDE-1D11-31FC-9149-AF049BCEF5F4}.RelWithDebInfo|x64.ActiveCfg = RelWithDebInfo|x64
		{251DBEDE-1D11-31FC-9149-AF049BCEF5F4}.RelWithDebInfo|x64.Build.0 = RelWithDebInfo|x64
		{03AA5327-B30F-3876-A453-2D4B030EB504}.Debug|x64.ActiveCfg = Debug|x64
		{03AA5327-B30F-3876-A453-2D4B030EB504}.Debug|x64.Build.0 = Debug|x64
		{03AA5327-B30F-3876-A453-2D4B030EB504}.Release|x64.ActiveCfg = Release|x64
		{03AA5327-B30F-3876-A453-2D4B030EB504}.Release|x64.Build.0 = Release|x64
		{03AA5327-B30F-3876-A453-2D4B030EB504}.MinSizeRel|x64.ActiveCfg = MinSizeRel|x64
		{03AA5327-B30F-3876-A453-2D4B030EB504}.MinSizeRel|x64.Build.0 = MinSizeRel|x64
		{03AA5327-B30F-3876-A453-2D4B030EB504}.RelWithDebInfo|x64.ActiveCfg = RelWithDebInfo|x64
		{03AA5327-B30F-3876-A453-2D4B030EB504}.RelWithDebInfo|x64.Build.0 = RelWithDebInfo|x64
		{24D8D351-92C9-3EB9-9BBC-F9780BAED119}.Debug|x64.ActiveCfg = Debug|x64
		{24D8D351-92C9-3EB9-9BBC-F9780BAED119}.Debug|x64.Build.0 = Debug|x64
		{24D8D351-92C9-3EB9-9BBC-F9780BAED119}.Release|x64.ActiveCfg = Release|x64
		{24D8D351-92C9-3EB9-9BBC-F9780BAED119}.Release|x64.Build.0 = Release|x64
		{24D8D351-92C9-3EB9-9BBC-F9780BAED119}.MinSizeRel|x64.ActiveCfg = MinSizeRel|x64
		{24D8D351-92C9-3EB9-9BBC-F9780BAED119}.MinSizeRel|x64.Build.0 = MinSizeRel|x64
		{24D8D351-92C9-3EB9-9BBC-F9780BAED119}.RelWithDebInfo|x64.ActiveCfg = RelWithDebInfo|x64
		{24D8D351-92C9-3EB9-9BBC-F9780BAED119}.RelWithDebInfo|x64.Build.0 = RelWithDebInfo|x64
		{7752A0A6-3E4D-3C76-951A-7A19BADF67EB}.Debug|x64.ActiveCfg = Debug|x64
		{7752A0A6-3E4D-3C76-951A-7A19BADF67EB}.Debug|x64.Build.0 = Debug|x64
		{7752A0A6-3E4D-3C76-951A-7A19BADF67EB}.Release|x64.ActiveCfg = Release|x64
		{7752A0A6-3E4D-3C76-951A-7A19BADF67EB}.Release|x64.Build.0 = Release|x64
		{7752A0A6-3E4D-3C76-951A-7A19BADF67EB}.MinSizeRel|x64.ActiveCfg = MinSizeRel|x64
		{7752A0A6-3E4D-3C76-951A-7A19BADF67EB}.MinSizeRel|x64.Build.0 = MinSizeRel|x64
		{7752A0A6-3E4D-3C76-951A-7A19BADF67EB}.RelWithDebInfo|x64.ActiveCfg = RelWithDebInfo|x64
		{7752A0A6-3E4D-3C76-951A-7A19BADF67EB}.RelWithDebInfo|x64.Build.0 = RelWithDebInfo|x64
		{F44F42E6-D6E7-33DB-83B5-0A7FF5EA187F}.Debug|x64.ActiveCfg = Debug|x64
		{F44F42E6-D6E7-33DB-83B5-0A7FF5EA187F}.Debug|x64.Build.0 = Debug|x64
		{F44F42E6-D6E7-33DB-83B5-0A7FF5EA187F}.Release|x64.ActiveCfg = Release|x64
		{F44F42E6-D6E7-33DB-83B5-0A7FF5EA187F}.Release|x64.Build.0 = Release|x64
		{F44F42E6-D6E7-33DB-83B5-0A7FF5EA187F}.MinSizeRel|x64.ActiveCfg = MinSizeRel|x64
		{F44F42E6-D6E7-33DB-83B5-0A7FF5EA187F}.MinSizeRel|x64.Build.0 = MinSizeRel|x64
		{F44F42E6-D6E7-33DB-83B5-0A7FF5EA187F}.RelWithDebInfo|x64.ActiveCfg = RelWithDebInfo|x64
		{F44F42E6-D6E7-33DB-83B5-0A7FF5EA187F}.RelWithDebInfo|x64.Build.0 = RelWithDebInfo|x64
		{E7B8592E-07FE-35FE-825F-842454E2B394}.Debug|x64.ActiveCfg = Debug|x64
		{E7B8592E-07FE-35FE-825F-842454E2B394}.Debug|x64.Build.0 = Debug|x64
		{E7B8592E-07FE-35FE-825F-842454E2B394}.Release|x64.ActiveCfg = Release|x64
		{E7B8592E-07FE-35FE-825F-842454E2B394}.Release|x64.Build.0 = Release|x64
		{E7B8592E-07FE-35FE-825F-842454E2B394}.MinSizeRel|x64.ActiveCfg = MinSizeRel|x64
		{E7B8592E-07FE-35FE-825F-842454E2B394}.MinSizeRel|x64.Build.0 = MinSizeRel|x64
		{E7B8592E-07FE-35FE-825F-842454E2B394}.RelWithDebInfo|x64.ActiveCfg = RelWithDebInfo|x64
		{E7B8592E-07FE-35FE-825F-842454E2B394}.RelWithDebInfo|x64.Build.0 = RelWithDebInfo|x64
		{58EBAC50-06B6-34CC-98C6-1F9ABACC3CBC}.Debug|x64.ActiveCfg = Debug|x64
		{58EBAC50-06B6-34CC-98C6-1F9ABACC3CBC}.Debug|x64.Build.0 = Debug|x64
		{58EBAC50-06B6-34CC-98C6-1F9ABACC3CBC}.Release|x64.ActiveCfg = Release|x64
		{58EBAC50-06B6-34CC-98C6-1F9ABACC3CBC}.Release|x64.Build.0 = Release|x64
		{58EBAC50-06B6-34CC-98C6-1F9ABACC3CBC}.MinSizeRel|x64.ActiveCfg = MinSizeRel|x64
		{58EBAC50-06B6-34CC-98C6-1F9ABACC3CBC}.MinSizeRel|x64.Build.0 = MinSizeRel|x64
		{58EBAC50-06B6-34CC-98C6-1F9ABACC3CBC}.RelWithDebInfo|x64.ActiveCfg = RelWithDebInfo|x64
		{58EBAC50-06B6-34CC-98C6-1F9ABACC3CBC}.RelWithDebInfo|x64.Build.0 = RelWithDebInfo|x64
		{CD78EB0B-935F-3B46-8F66-7BA987BFD89C}.Debug|x64.ActiveCfg = Debug|x64
		{CD78EB0B-935F-3B46-8F66-7BA987BFD89C}.Debug|x64.Build.0 = Debug|x64
		{CD78EB0B-935F-3B46-8F66-7BA987BFD89C}.Release|x64.ActiveCfg = Release|x64
		{CD78EB0B-935F-3B46-8F66-7BA987BFD89C}.Release|x64.Build.0 = Release|x64
		{CD78EB0B-935F-3B46-8F66-7BA987BFD89C}.MinSizeRel|x64.ActiveCfg = MinSizeRel|x64
		{CD78EB0B-935F-3B46-8F66-7BA987BFD89C}.MinSizeRel|x64.Build.0 = MinSizeRel|x64
		{CD78EB0B-935F-3B46-8F66-7BA987BFD89C}.RelWithDebInfo|x64.ActiveCfg = RelWithDebInfo|x64
		{CD78EB0B-935F-3B46-8F66-7BA987BFD89C}.RelWithDebInfo|x64.Build.0 = RelWithDebInfo|x64
		{F0A53A7C-9D23-3FBE-B8C3-85A55100C605}.Debug|x64.ActiveCfg = Debug|x64
		{F0A53A7C-9D23-3FBE-B8C3-85A55100C605}.Debug|x64.Build.0 = Debug|x64
		{F0A53A7C-9D23-3FBE-B8C3-85A55100C605}.Release|x64.ActiveCfg = Release|x64
		{F0A53A7C-9D23-3FBE-B8C3-85A55100C605}.Release|x64.Build.0 = Release|x64
		{F0A53A7C-9D23-3FBE-B8C3-85A55100C605}.MinSizeRel|x64.ActiveCfg = MinSizeRel|x64
		{F0A53A7C-9D23-3FBE-B8C3-85A55100C605}.MinSizeRel|x64.Build.0 = MinSizeRel|x64
		{F0A53A7C-9D23-3FBE-B8C3-85A55100C605}.RelWithDebInfo|x64.ActiveCfg = RelWithDebInfo|x64
		{F0A53A7C-9D23-3FBE-B8C3-85A55100C605}.RelWithDebInfo|x64.Build.0 = RelWithDebInfo|x64
		{F8C4FD76-DE11-35A3-9977-EAB6085239E8}.Debug|x64.ActiveCfg = Debug|x64
		{F8C4FD76-DE11-35A3-9977-EAB6085239E8}.Debug|x64.Build.0 = Debug|x64
		{F8C4FD76-DE11-35A3-9977-EAB6085239E8}.Release|x64.ActiveCfg = Release|x64
		{F8C4FD76-DE11-35A3-9977-EAB6085239E8}.Release|x64.Build.0 = Release|x64
		{F8C4FD76-DE11-35A3-9977-EAB6085239E8}.MinSizeRel|x64.ActiveCfg = MinSizeRel|x64
		{F8C4FD76-DE11-35A3-9977-EAB6085239E8}.MinSizeRel|x64.Build.0 = MinSizeRel|x64
		{F8C4FD76-DE11-35A3-9977-EAB6085239E8}.RelWithDebInfo|x64.ActiveCfg = RelWithDebInfo|x64
		{F8C4FD76-DE11-35A3-9977-EAB6085239E8}.RelWithDebInfo|x64.Build.0 = RelWithDebInfo|x64
		{C05E3C4A-941F-380B-84CC-83252FA2F97D}.Debug|x64.ActiveCfg = Debug|x64
		{C05E3C4A-941F-380B-84CC-83252FA2F97D}.Debug|x64.Build.0 = Debug|x64
		{C05E3C4A-941F-380B-84CC-83252FA2F97D}.Release|x64.ActiveCfg = Release|x64
		{C05E3C4A-941F-380B-84CC-83252FA2F97D}.Release|x64.Build.0 = Release|x64
		{C05E3C4A-941F-380B-84CC-83252FA2F97D}.MinSizeRel|x64.ActiveCfg = MinSizeRel|x64
		{C05E3C4A-941F-380B-84CC-83252FA2F97D}.MinSizeRel|x64.Build.0 = MinSizeRel|x64
		{C05E3C4A-941F-380B-84CC-83252FA2F97D}.RelWithDebInfo|x64.ActiveCfg = RelWithDebInfo|x64
		{C05E3C4A-941F-380B-84CC-83252FA2F97D}.RelWithDebInfo|x64.Build.0 = RelWithDebInfo|x64
		{B55F7B7A-7589-3287-9106-4781BDBDEF35}.Debug|x64.ActiveCfg = Debug|x64
		{B55F7B7A-7589-3287-9106-4781BDBDEF35}.Debug|x64.Build.0 = Debug|x64
		{B55F7B7A-7589-3287-9106-4781BDBDEF35}.Release|x64.ActiveCfg = Release|x64
		{B55F7B7A-7589-3287-9106-4781BDBDEF35}.Release|x64.Build.0 = Release|x64
		{B55F7B7A-7589-3287-9106-4781BDBDEF35}.MinSizeRel|x64.ActiveCfg = MinSizeRel|x64
		{B55F7B7A-7589-3287-9106-4781BDBDEF35}.MinSizeRel|x64.Build.0 = MinSizeRel|x64
		{B55F7B7A-7589-3287-9106-4781BDBDEF35}.RelWithDebInfo|x64.ActiveCfg = RelWithDebInfo|x64
		{B55F7B7A-7589-3287-9106-4781BDBDEF35}.RelWithDebInfo|x64.Build.0 = RelWithDebInfo|x64
		{306ADE8E-208B-347A-9C24-05F484769D04}.Debug|x64.ActiveCfg = Debug|x64
		{306ADE8E-208B-347A-9C24-05F484769D04}.Debug|x64.Build.0 = Debug|x64
		{306ADE8E-208B-347A-9C24-05F484769D04}.Release|x64.ActiveCfg = Release|x64
		{306ADE8E-208B-347A-9C24-05F484769D04}.Release|x64.Build.0 = Release|x64
		{306ADE8E-208B-347A-9C24-05F484769D04}.MinSizeRel|x64.ActiveCfg = MinSizeRel|x64
		{306ADE8E-208B-347A-9C24-05F484769D04}.MinSizeRel|x64.Build.0 = MinSizeRel|x64
		{306ADE8E-208B-347A-9C24-05F484769D04}.RelWithDebInfo|x64.ActiveCfg = RelWithDebInfo|x64
		{306ADE8E-208B-347A-9C24-05F484769D04}.RelWithDebInfo|x64.Build.0 = RelWithDebInfo|x64
		{E091C984-4E6C-3C24-A9C0-ED958EE6609E}.Debug|x64.ActiveCfg = Debug|x64
		{E091C984-4E6C-3C24-A9C0-ED958EE6609E}.Debug|x64.Build.0 = Debug|x64
		{E091C984-4E6C-3C24-A9C0-ED958EE6609E}.Release|x64.ActiveCfg = Release|x64
		{E091C984-4E6C-3C24-A9C0-ED958EE6609E}.Release|x64.Build.0 = Release|x64
		{E091C984-4E6C-3C24-A9C0-ED958EE6609E}.MinSizeRel|x64.ActiveCfg = MinSizeRel|x64
		{E091C984-4E6C-3C24-A9C0-ED958EE6609E}.MinSizeRel|x64.Build.0 = MinSizeRel|x64
		{E091C984-4E6C-3C24-A9C0-ED958EE6609E}.RelWithDebInfo|x64.ActiveCfg = RelWithDebInfo|x64
		{E091C984-4E6C-3C24-A9C0-ED958EE6609E}.RelWithDebInfo|x64.Build.0 = RelWithDebInfo|x64
		{68F1FA79-4276-3DEF-A362-917D97564919}.Debug|x64.ActiveCfg = Debug|x64
		{68F1FA79-4276-3DEF-A362-917D97564919}.Debug|x64.Build.0 = Debug|x64
		{68F1FA79-4276-3DEF-A362-917D97564919}.Release|x64.ActiveCfg = Release|x64
		{68F1FA79-4276-3DEF-A362-917D97564919}.Release|x64.Build.0 = Release|x64
		{68F1FA79-4276-3DEF-A362-917D97564919}.MinSizeRel|x64.ActiveCfg = MinSizeRel|x64
		{68F1FA79-4276-3DEF-A362-917D97564919}.MinSizeRel|x64.Build.0 = MinSizeRel|x64
		{68F1FA79-4276-3DEF-A362-917D97564919}.RelWithDebInfo|x64.ActiveCfg = RelWithDebInfo|x64
		{68F1FA79-4276-3DEF-A362-917D97564919}.RelWithDebInfo|x64.Build.0 = RelWithDebInfo|x64
		{A61A65A5-B207-38A7-A8F3-D39DA5EDFF36}.Debug|x64.ActiveCfg = Debug|x64
		{A61A65A5-B207-38A7-A8F3-D39DA5EDFF36}.Debug|x64.Build.0 = Debug|x64
		{A61A65A5-B207-38A7-A8F3-D39DA5EDFF36}.Release|x64.ActiveCfg = Release|x64
		{A61A65A5-B207-38A7-A8F3-D39DA5EDFF36}.Release|x64.Build.0 = Release|x64
		{A61A65A5-B207-38A7-A8F3-D39DA5EDFF36}.MinSizeRel|x64.ActiveCfg = MinSizeRel|x64
		{A61A65A5-B207-38A7-A8F3-D39DA5EDFF36}.MinSizeRel|x64.Build.0 = MinSizeRel|x64
		{A61A65A5-B207-38A7-A8F3-D39DA5EDFF36}.RelWithDebInfo|x64.ActiveCfg = RelWithDebInfo|x64
		{A61A65A5-B207-38A7-A8F3-D39DA5EDFF36}.RelWithDebInfo|x64.Build.0 = RelWithDebInfo|x64
		{156F883B-FB6A-3F89-8F81-04C4950BE207}.Debug|x64.ActiveCfg = Debug|x64
		{156F883B-FB6A-3F89-8F81-04C4950BE207}.Debug|x64.Build.0 = Debug|x64
		{156F883B-FB6A-3F89-8F81-04C4950BE207}.Release|x64.ActiveCfg = Release|x64
		{156F883B-FB6A-3F89-8F81-04C4950BE207}.Release|x64.Build.0 = Release|x64
		{156F883B-FB6A-3F89-8F81-04C4950BE207}.MinSizeRel|x64.ActiveCfg = MinSizeRel|x64
		{156F883B-FB6A-3F89-8F81-04C4950BE207}.MinSizeRel|x64.Build.0 = MinSizeRel|x64
		{156F883B-FB6A-3F89-8F81-04C4950BE207}.RelWithDebInfo|x64.ActiveCfg = RelWithDebInfo|x64
		{156F883B-FB6A-3F89-8F81-04C4950BE207}.RelWithDebInfo|x64.Build.0 = RelWithDebInfo|x64
		{B4C8300E-7D82-3626-8650-F85A35816EF4}.Debug|x64.ActiveCfg = Debug|x64
		{B4C8300E-7D82-3626-8650-F85A35816EF4}.Debug|x64.Build.0 = Debug|x64
		{B4C8300E-7D82-3626-8650-F85A35816EF4}.Release|x64.ActiveCfg = Release|x64
		{B4C8300E-7D82-3626-8650-F85A35816EF4}.Release|x64.Build.0 = Release|x64
		{B4C8300E-7D82-3626-8650-F85A35816EF4}.MinSizeRel|x64.ActiveCfg = MinSizeRel|x64
		{B4C8300E-7D82-3626-8650-F85A35816EF4}.MinSizeRel|x64.Build.0 = MinSizeRel|x64
		{B4C8300E-7D82-3626-8650-F85A35816EF4}.RelWithDebInfo|x64.ActiveCfg = RelWithDebInfo|x64
		{B4C8300E-7D82-3626-8650-F85A35816EF4}.RelWithDebInfo|x64.Build.0 = RelWithDebInfo|x64
		{95DCF5DE-082F-33EF-BCCC-208329BA35A6}.Debug|x64.ActiveCfg = Debug|x64
		{95DCF5DE-082F-33EF-BCCC-208329BA35A6}.Debug|x64.Build.0 = Debug|x64
		{95DCF5DE-082F-33EF-BCCC-208329BA35A6}.Release|x64.ActiveCfg = Release|x64
		{95DCF5DE-082F-33EF-BCCC-208329BA35A6}.Release|x64.Build.0 = Release|x64
		{95DCF5DE-082F-33EF-BCCC-208329BA35A6}.MinSizeRel|x64.ActiveCfg = MinSizeRel|x64
		{95DCF5DE-082F-33EF-BCCC-208329BA35A6}.MinSizeRel|x64.Build.0 = MinSizeRel|x64
		{95DCF5DE-082F-33EF-BCCC-208329BA35A6}.RelWithDebInfo|x64.ActiveCfg = RelWithDebInfo|x64
		{95DCF5DE-082F-33EF-BCCC-208329BA35A6}.RelWithDebInfo|x64.Build.0 = RelWithDebInfo|x64
		{A78E38D4-3261-33AD-BD22-318538AFD409}.Debug|x64.ActiveCfg = Debug|x64
		{A78E38D4-3261-33AD-BD22-318538AFD409}.Debug|x64.Build.0 = Debug|x64
		{A78E38D4-3261-33AD-BD22-318538AFD409}.Release|x64.ActiveCfg = Release|x64
		{A78E38D4-3261-33AD-BD22-318538AFD409}.Release|x64.Build.0 = Release|x64
		{A78E38D4-3261-33AD-BD22-318538AFD409}.MinSizeRel|x64.ActiveCfg = MinSizeRel|x64
		{A78E38D4-3261-33AD-BD22-318538AFD409}.MinSizeRel|x64.Build.0 = MinSizeRel|x64
		{A78E38D4-3261-33AD-BD22-318538AFD409}.RelWithDebInfo|x64.ActiveCfg = RelWithDebInfo|x64
		{A78E38D4-3261-33AD-BD22-318538AFD409}.RelWithDebInfo|x64.Build.0 = RelWithDebInfo|x64
		{D01306E1-C66A-33BF-A873-86B127B7DE99}.Debug|x64.ActiveCfg = Debug|x64
		{D01306E1-C66A-33BF-A873-86B127B7DE99}.Debug|x64.Build.0 = Debug|x64
		{D01306E1-C66A-33BF-A873-86B127B7DE99}.Release|x64.ActiveCfg = Release|x64
		{D01306E1-C66A-33BF-A873-86B127B7DE99}.Release|x64.Build.0 = Release|x64
		{D01306E1-C66A-33BF-A873-86B127B7DE99}.MinSizeRel|x64.ActiveCfg = MinSizeRel|x64
		{D01306E1-C66A-33BF-A873-86B127B7DE99}.MinSizeRel|x64.Build.0 = MinSizeRel|x64
		{D01306E1-C66A-33BF-A873-86B127B7DE99}.RelWithDebInfo|x64.ActiveCfg = RelWithDebInfo|x64
		{D01306E1-C66A-33BF-A873-86B127B7DE99}.RelWithDebInfo|x64.Build.0 = RelWithDebInfo|x64
		{3A15C2E6-D3D2-3756-8CEF-8AE1DE9BC8D1}.Debug|x64.ActiveCfg = Debug|x64
		{3A15C2E6-D3D2-3756-8CEF-8AE1DE9BC8D1}.Debug|x64.Build.0 = Debug|x64
		{3A15C2E6-D3D2-3756-8CEF-8AE1DE9BC8D1}.Release|x64.ActiveCfg = Release|x64
		{3A15C2E6-D3D2-3756-8CEF-8AE1DE9BC8D1}.Release|x64.Build.0 = Release|x64
		{3A15C2E6-D3D2-3756-8CEF-8AE1DE9BC8D1}.MinSizeRel|x64.ActiveCfg = MinSizeRel|x64
		{3A15C2E6-D3D2-3756-8CEF-8AE1DE9BC8D1}.MinSizeRel|x64.Build.0 = MinSizeRel|x64
		{3A15C2E6-D3D2-3756-8CEF-8AE1DE9BC8D1}.RelWithDebInfo|x64.ActiveCfg = RelWithDebInfo|x64
		{3A15C2E6-D3D2-3756-8CEF-8AE1DE9BC8D1}.RelWithDebInfo|x64.Build.0 = RelWithDebInfo|x64
		{AFCA5701-4DBE-3508-8FE7-36B86A0CD5F6}.Debug|x64.ActiveCfg = Debug|x64
		{AFCA5701-4DBE-3508-8FE7-36B86A0CD5F6}.Debug|x64.Build.0 = Debug|x64
		{AFCA5701-4DBE-3508-8FE7-36B86A0CD5F6}.Release|x64.ActiveCfg = Release|x64
		{AFCA5701-4DBE-3508-8FE7-36B86A0CD5F6}.Release|x64.Build.0 = Release|x64
		{AFCA5701-4DBE-3508-8FE7-36B86A0CD5F6}.MinSizeRel|x64.ActiveCfg = MinSizeRel|x64
		{AFCA5701-4DBE-3508-8FE7-36B86A0CD5F6}.MinSizeRel|x64.Build.0 = MinSizeRel|x64
		{AFCA5701-4DBE-3508-8FE7-36B86A0CD5F6}.RelWithDebInfo|x64.ActiveCfg = RelWithDebInfo|x64
		{AFCA5701-4DBE-3508-8FE7-36B86A0CD5F6}.RelWithDebInfo|x64.Build.0 = RelWithDebInfo|x64
		{B6E656F3-E335-3F1D-82AC-FD83F2FCACAD}.Debug|x64.ActiveCfg = Debug|x64
		{B6E656F3-E335-3F1D-82AC-FD83F2FCACAD}.Debug|x64.Build.0 = Debug|x64
		{B6E656F3-E335-3F1D-82AC-FD83F2FCACAD}.Release|x64.ActiveCfg = Release|x64
		{B6E656F3-E335-3F1D-82AC-FD83F2FCACAD}.Release|x64.Build.0 = Release|x64
		{B6E656F3-E335-3F1D-82AC-FD83F2FCACAD}.MinSizeRel|x64.ActiveCfg = MinSizeRel|x64
		{B6E656F3-E335-3F1D-82AC-FD83F2FCACAD}.MinSizeRel|x64.Build.0 = MinSizeRel|x64
		{B6E656F3-E335-3F1D-82AC-FD83F2FCACAD}.RelWithDebInfo|x64.ActiveCfg = RelWithDebInfo|x64
		{B6E656F3-E335-3F1D-82AC-FD83F2FCACAD}.RelWithDebInfo|x64.Build.0 = RelWithDebInfo|x64
		{AA41955A-E18C-3D9C-A32D-1B05C3F72C76}.Debug|x64.ActiveCfg = Debug|x64
		{AA41955A-E18C-3D9C-A32D-1B05C3F72C76}.Debug|x64.Build.0 = Debug|x64
		{AA41955A-E18C-3D9C-A32D-1B05C3F72C76}.Release|x64.ActiveCfg = Release|x64
		{AA41955A-E18C-3D9C-A32D-1B05C3F72C76}.Release|x64.Build.0 = Release|x64
		{AA41955A-E18C-3D9C-A32D-1B05C3F72C76}.MinSizeRel|x64.ActiveCfg = MinSizeRel|x64
		{AA41955A-E18C-3D9C-A32D-1B05C3F72C76}.MinSizeRel|x64.Build.0 = MinSizeRel|x64
		{AA41955A-E18C-3D9C-A32D-1B05C3F72C76}.RelWithDebInfo|x64.ActiveCfg = RelWithDebInfo|x64
		{AA41955A-E18C-3D9C-A32D-1B05C3F72C76}.RelWithDebInfo|x64.Build.0 = RelWithDebInfo|x64
		{883292D1-9A19-3541-ABBF-B2F4203A62AF}.Debug|x64.ActiveCfg = Debug|x64
		{883292D1-9A19-3541-ABBF-B2F4203A62AF}.Debug|x64.Build.0 = Debug|x64
		{883292D1-9A19-3541-ABBF-B2F4203A62AF}.Release|x64.ActiveCfg = Release|x64
		{883292D1-9A19-3541-ABBF-B2F4203A62AF}.Release|x64.Build.0 = Release|x64
		{883292D1-9A19-3541-ABBF-B2F4203A62AF}.MinSizeRel|x64.ActiveCfg = MinSizeRel|x64
		{883292D1-9A19-3541-ABBF-B2F4203A62AF}.MinSizeRel|x64.Build.0 = MinSizeRel|x64
		{883292D1-9A19-3541-ABBF-B2F4203A62AF}.RelWithDebInfo|x64.ActiveCfg = RelWithDebInfo|x64
		{883292D1-9A19-3541-ABBF-B2F4203A62AF}.RelWithDebInfo|x64.Build.0 = RelWithDebInfo|x64
		{7800623E-15CD-363B-8F30-E772A069524E}.Debug|x64.ActiveCfg = Debug|x64
		{7800623E-15CD-363B-8F30-E772A069524E}.Debug|x64.Build.0 = Debug|x64
		{7800623E-15CD-363B-8F30-E772A069524E}.Release|x64.ActiveCfg = Release|x64
		{7800623E-15CD-363B-8F30-E772A069524E}.Release|x64.Build.0 = Release|x64
		{7800623E-15CD-363B-8F30-E772A069524E}.MinSizeRel|x64.ActiveCfg = MinSizeRel|x64
		{7800623E-15CD-363B-8F30-E772A069524E}.MinSizeRel|x64.Build.0 = MinSizeRel|x64
		{7800623E-15CD-363B-8F30-E772A069524E}.RelWithDebInfo|x64.ActiveCfg = RelWithDebInfo|x64
		{7800623E-15CD-363B-8F30-E772A069524E}.RelWithDebInfo|x64.Build.0 = RelWithDebInfo|x64
		{502B1653-51AA-329A-B04E-48034F9AF0CC}.Debug|x64.ActiveCfg = Debug|x64
		{502B1653-51AA-329A-B04E-48034F9AF0CC}.Debug|x64.Build.0 = Debug|x64
		{502B1653-51AA-329A-B04E-48034F9AF0CC}.Release|x64.ActiveCfg = Release|x64
		{502B1653-51AA-329A-B04E-48034F9AF0CC}.Release|x64.Build.0 = Release|x64
		{502B1653-51AA-329A-B04E-48034F9AF0CC}.MinSizeRel|x64.ActiveCfg = MinSizeRel|x64
		{502B1653-51AA-329A-B04E-48034F9AF0CC}.MinSizeRel|x64.Build.0 = MinSizeRel|x64
		{502B1653-51AA-329A-B04E-48034F9AF0CC}.RelWithDebInfo|x64.ActiveCfg = RelWithDebInfo|x64
		{502B1653-51AA-329A-B04E-48034F9AF0CC}.RelWithDebInfo|x64.Build.0 = RelWithDebInfo|x64
		{1D635DA0-CAC8-303D-84FF-359548FACEC2}.Debug|x64.ActiveCfg = Debug|x64
		{1D635DA0-CAC8-303D-84FF-359548FACEC2}.Debug|x64.Build.0 = Debug|x64
		{1D635DA0-CAC8-303D-84FF-359548FACEC2}.Release|x64.ActiveCfg = Release|x64
		{1D635DA0-CAC8-303D-84FF-359548FACEC2}.Release|x64.Build.0 = Release|x64
		{1D635DA0-CAC8-303D-84FF-359548FACEC2}.MinSizeRel|x64.ActiveCfg = MinSizeRel|x64
		{1D635DA0-CAC8-303D-84FF-359548FACEC2}.MinSizeRel|x64.Build.0 = MinSizeRel|x64
		{1D635DA0-CAC8-303D-84FF-359548FACEC2}.RelWithDebInfo|x64.ActiveCfg = RelWithDebInfo|x64
		{1D635DA0-CAC8-303D-84FF-359548FACEC2}.RelWithDebInfo|x64.Build.0 = RelWithDebInfo|x64
		{F49DDAF6-6E8F-3E18-BD23-31A674FDE544}.Debug|x64.ActiveCfg = Debug|x64
		{F49DDAF6-6E8F-3E18-BD23-31A674FDE544}.Debug|x64.Build.0 = Debug|x64
		{F49DDAF6-6E8F-3E18-BD23-31A674FDE544}.Release|x64.ActiveCfg = Release|x64
		{F49DDAF6-6E8F-3E18-BD23-31A674FDE544}.Release|x64.Build.0 = Release|x64
		{F49DDAF6-6E8F-3E18-BD23-31A674FDE544}.MinSizeRel|x64.ActiveCfg = MinSizeRel|x64
		{F49DDAF6-6E8F-3E18-BD23-31A674FDE544}.MinSizeRel|x64.Build.0 = MinSizeRel|x64
		{F49DDAF6-6E8F-3E18-BD23-31A674FDE544}.RelWithDebInfo|x64.ActiveCfg = RelWithDebInfo|x64
		{F49DDAF6-6E8F-3E18-BD23-31A674FDE544}.RelWithDebInfo|x64.Build.0 = RelWithDebInfo|x64
		{DF56765C-3CC2-382A-9957-7E347A67EC2F}.Debug|x64.ActiveCfg = Debug|x64
		{DF56765C-3CC2-382A-9957-7E347A67EC2F}.Debug|x64.Build.0 = Debug|x64
		{DF56765C-3CC2-382A-9957-7E347A67EC2F}.Release|x64.ActiveCfg = Release|x64
		{DF56765C-3CC2-382A-9957-7E347A67EC2F}.Release|x64.Build.0 = Release|x64
		{DF56765C-3CC2-382A-9957-7E347A67EC2F}.MinSizeRel|x64.ActiveCfg = MinSizeRel|x64
		{DF56765C-3CC2-382A-9957-7E347A67EC2F}.MinSizeRel|x64.Build.0 = MinSizeRel|x64
		{DF56765C-3CC2-382A-9957-7E347A67EC2F}.RelWithDebInfo|x64.ActiveCfg = RelWithDebInfo|x64
		{DF56765C-3CC2-382A-9957-7E347A67EC2F}.RelWithDebInfo|x64.Build.0 = RelWithDebInfo|x64
	EndGlobalSection
	GlobalSection(NestedProjects) = preSolution
		{D6FBDB95-BE83-3030-BF1E-28EB5FBF534A} = {71BFDE8A-2E95-3B64-AF7B-0559B1379D3A}
		{D7B3A2D6-3BD2-3512-8C81-6ED803C5CCD2} = {71BFDE8A-2E95-3B64-AF7B-0559B1379D3A}
		{B1DB5288-4BCF-3BE8-A5C1-F33A8D0FA589} = {71BFDE8A-2E95-3B64-AF7B-0559B1379D3A}
	EndGlobalSection
	GlobalSection(ExtensibilityGlobals) = postSolution
		SolutionGuid = {E5BB9BAB-74FB-38B6-A54D-B34D45F7E2D6}
	EndGlobalSection
	GlobalSection(ExtensibilityAddIns) = postSolution
	EndGlobalSection
EndGlobal
